{
  "version": 4,
  "terraform_version": "1.3.3",
  "serial": 8,
  "lineage": "97d9c1c6-59ab-3eac-ce1e-29f4e093ec5d",
  "outputs": {},
  "resources": [
    {
      "mode": "managed",
      "type": "vault_namespace",
      "name": "ns1",
      "provider": "provider[\"registry.terraform.io/hashicorp/vault\"]",
      "instances": [
        {
          "schema_version": 0,
          "attributes": {
            "id": "ns1/",
            "namespace": null,
            "namespace_id": "QJBH0",
            "path": "ns1",
            "path_fq": "ns1"
          },
          "sensitive_attributes": [],
          "private": "bnVsbA=="
        }
      ]
    }
  ],
  "check_results": []
}
